
Microsoft Visual Studio Solution File, Format Version 12.00
# Visual Studio 15
VisualStudioVersion = 15.0.26430.14
MinimumVisualStudioVersion = 10.0.40219.1
Project("{FAE04EC0-301F-11D3-BF4B-00C04F79EFBC}") = "Task1.Logic", "Task1.Logic\Task1.Logic.csproj", "{A4BB392A-A762-4613-BCCB-D8987D4248D1}"
EndProject
Project("{FAE04EC0-301F-11D3-BF4B-00C04F79EFBC}") = "Task1.Logic.Tests", "Task1.Logic.Tests\Task1.Logic.Tests.csproj", "{4DC8121A-51A0-4FFB-8EC6-54B619A86325}"
EndProject
Project("{FAE04EC0-301F-11D3-BF4B-00C04F79EFBC}") = "Task2.Logic", "Task2.Logic\Task2.Logic.csproj", "{9F3467A0-2059-4671-82E6-12A24DC871B6}"
EndProject
Project("{FAE04EC0-301F-11D3-BF4B-00C04F79EFBC}") = "Task2.Logic.Tests", "Task2.Logic.Tests\Task2.Logic.Tests.csproj", "{DB3D5E9A-7CFE-4E14-98FB-055A5F7BC5E1}"
EndProject
Global
	GlobalSection(SolutionConfigurationPlatforms) = preSolution
		Debug|Any CPU = Debug|Any CPU
		Release|Any CPU = Release|Any CPU
	EndGlobalSection
	GlobalSection(ProjectConfigurationPlatforms) = postSolution
		{A4BB392A-A762-4613-BCCB-D8987D4248D1}.Debug|Any CPU.ActiveCfg = Debug|Any CPU
		{A4BB392A-A762-4613-BCCB-D8987D4248D1}.Debug|Any CPU.Build.0 = Debug|Any CPU
		{A4BB392A-A762-4613-BCCB-D8987D4248D1}.Release|Any CPU.ActiveCfg = Release|Any CPU
		{A4BB392A-A762-4613-BCCB-D8987D4248D1}.Release|Any CPU.Build.0 = Release|Any CPU
		{4DC8121A-51A0-4FFB-8EC6-54B619A86325}.Debug|Any CPU.ActiveCfg = Debug|Any CPU
		{4DC8121A-51A0-4FFB-8EC6-54B619A86325}.Debug|Any CPU.Build.0 = Debug|Any CPU
		{4DC8121A-51A0-4FFB-8EC6-54B619A86325}.Release|Any CPU.ActiveCfg = Release|Any CPU
		{4DC8121A-51A0-4FFB-8EC6-54B619A86325}.Release|Any CPU.Build.0 = Release|Any CPU
		{9F3467A0-2059-4671-82E6-12A24DC871B6}.Debug|Any CPU.ActiveCfg = Debug|Any CPU
		{9F3467A0-2059-4671-82E6-12A24DC871B6}.Debug|Any CPU.Build.0 = Debug|Any CPU
		{9F3467A0-2059-4671-82E6-12A24DC871B6}.Release|Any CPU.ActiveCfg = Release|Any CPU
		{9F3467A0-2059-4671-82E6-12A24DC871B6}.Release|Any CPU.Build.0 = Release|Any CPU
		{DB3D5E9A-7CFE-4E14-98FB-055A5F7BC5E1}.Debug|Any CPU.ActiveCfg = Debug|Any CPU
		{DB3D5E9A-7CFE-4E14-98FB-055A5F7BC5E1}.Debug|Any CPU.Build.0 = Debug|Any CPU
		{DB3D5E9A-7CFE-4E14-98FB-055A5F7BC5E1}.Release|Any CPU.ActiveCfg = Release|Any CPU
		{DB3D5E9A-7CFE-4E14-98FB-055A5F7BC5E1}.Release|Any CPU.Build.0 = Release|Any CPU
	EndGlobalSection
	GlobalSection(SolutionProperties) = preSolution
		HideSolutionNode = FALSE
	EndGlobalSection
EndGlobal
